// !$*UTF8*$!
{
	archiveVersion = 1;
	classes = {
	};
	objectVersion = 46;
	objects = {

/* Begin PBXBuildFile section */
		B1D6026B193337CE00EB3CE2 /* Foundation.framework in Frameworks */ = {isa = PBXBuildFile; fileRef = B1D6026A193337CE00EB3CE2 /* Foundation.framework */; };
		B1D6026D193337CE00EB3CE2 /* CoreGraphics.framework in Frameworks */ = {isa = PBXBuildFile; fileRef = B1D6026C193337CE00EB3CE2 /* CoreGraphics.framework */; };
		B1D6026F193337CE00EB3CE2 /* UIKit.framework in Frameworks */ = {isa = PBXBuildFile; fileRef = B1D6026E193337CE00EB3CE2 /* UIKit.framework */; };
		B1D60275193337CE00EB3CE2 /* InfoPlist.strings in Resources */ = {isa = PBXBuildFile; fileRef = B1D60273193337CE00EB3CE2 /* InfoPlist.strings */; };
		B1D60277193337CE00EB3CE2 /* main.m in Sources */ = {isa = PBXBuildFile; fileRef = B1D60276193337CE00EB3CE2 /* main.m */; };
		B1D6027B193337CE00EB3CE2 /* RTFAppDelegate.m in Sources */ = {isa = PBXBuildFile; fileRef = B1D6027A193337CE00EB3CE2 /* RTFAppDelegate.m */; };
		B1D6027E193337CE00EB3CE2 /* Main.storyboard in Resources */ = {isa = PBXBuildFile; fileRef = B1D6027C193337CE00EB3CE2 /* Main.storyboard */; };
		B1D60281193337CE00EB3CE2 /* RTFViewController.m in Sources */ = {isa = PBXBuildFile; fileRef = B1D60280193337CE00EB3CE2 /* RTFViewController.m */; };
		B1D60283193337CE00EB3CE2 /* Images.xcassets in Resources */ = {isa = PBXBuildFile; fileRef = B1D60282193337CE00EB3CE2 /* Images.xcassets */; };
		B1D6028A193337CE00EB3CE2 /* XCTest.framework in Frameworks */ = {isa = PBXBuildFile; fileRef = B1D60289193337CE00EB3CE2 /* XCTest.framework */; };
		B1D6028B193337CE00EB3CE2 /* Foundation.framework in Frameworks */ = {isa = PBXBuildFile; fileRef = B1D6026A193337CE00EB3CE2 /* Foundation.framework */; };
		B1D6028C193337CE00EB3CE2 /* UIKit.framework in Frameworks */ = {isa = PBXBuildFile; fileRef = B1D6026E193337CE00EB3CE2 /* UIKit.framework */; };
		B1D60294193337CE00EB3CE2 /* InfoPlist.strings in Resources */ = {isa = PBXBuildFile; fileRef = B1D60292193337CE00EB3CE2 /* InfoPlist.strings */; };
		B1D60296193337CE00EB3CE2 /* Drawing_a_HouseTests.m in Sources */ = {isa = PBXBuildFile; fileRef = B1D60295193337CE00EB3CE2 /* Drawing_a_HouseTests.m */; };
/* End PBXBuildFile section */

/* Begin PBXContainerItemProxy section */
		B1D6028D193337CE00EB3CE2 /* PBXContainerItemProxy */ = {
			isa = PBXContainerItemProxy;
			containerPortal = B1D6025F193337CE00EB3CE2 /* Project object */;
			proxyType = 1;
			remoteGlobalIDString = B1D60266193337CE00EB3CE2;
			remoteInfo = "Drawing a House";
		};
/* End PBXContainerItemProxy section */

/* Begin PBXFileReference section */
		B1D60267193337CE00EB3CE2 /* Drawing a House.app */ = {isa = PBXFileReference; explicitFileType = wrapper.application; includeInIndex = 0; path = "Drawing a House.app"; sourceTree = BUILT_PRODUCTS_DIR; };
		B1D6026A193337CE00EB3CE2 /* Foundation.framework */ = {isa = PBXFileReference; lastKnownFileType = wrapper.framework; name = Foundation.framework; path = System/Library/Frameworks/Foundation.framework; sourceTree = SDKROOT; };
		B1D6026C193337CE00EB3CE2 /* CoreGraphics.framework */ = {isa = PBXFileReference; lastKnownFileType = wrapper.framework; name = CoreGraphics.framework; path = System/Library/Frameworks/CoreGraphics.framework; sourceTree = SDKROOT; };
		B1D6026E193337CE00EB3CE2 /* UIKit.framework */ = {isa = PBXFileReference; lastKnownFileType = wrapper.framework; name = UIKit.framework; path = System/Library/Frameworks/UIKit.framework; sourceTree = SDKROOT; };
		B1D60272193337CE00EB3CE2 /* Drawing a House-Info.plist */ = {isa = PBXFileReference; lastKnownFileType = text.plist.xml; path = "Drawing a House-Info.plist"; sourceTree = "<group>"; };
		B1D60274193337CE00EB3CE2 /* en */ = {isa = PBXFileReference; lastKnownFileType = text.plist.strings; name = en; path = en.lproj/InfoPlist.strings; sourceTree = "<group>"; };
		B1D60276193337CE00EB3CE2 /* main.m */ = {isa = PBXFileReference; lastKnownFileType = sourcecode.c.objc; path = main.m; sourceTree = "<group>"; };
		B1D60278193337CE00EB3CE2 /* Drawing a House-Prefix.pch */ = {isa = PBXFileReference; lastKnownFileType = sourcecode.c.h; path = "Drawing a House-Prefix.pch"; sourceTree = "<group>"; };
		B1D60279193337CE00EB3CE2 /* RTFAppDelegate.h */ = {isa = PBXFileReference; lastKnownFileType = sourcecode.c.h; path = RTFAppDelegate.h; sourceTree = "<group>"; };
		B1D6027A193337CE00EB3CE2 /* RTFAppDelegate.m */ = {isa = PBXFileReference; lastKnownFileType = sourcecode.c.objc; path = RTFAppDelegate.m; sourceTree = "<group>"; };
		B1D6027D193337CE00EB3CE2 /* Base */ = {isa = PBXFileReference; lastKnownFileType = file.storyboard; name = Base; path = Base.lproj/Main.storyboard; sourceTree = "<group>"; };
		B1D6027F193337CE00EB3CE2 /* RTFViewController.h */ = {isa = PBXFileReference; lastKnownFileType = sourcecode.c.h; path = RTFViewController.h; sourceTree = "<group>"; };
		B1D60280193337CE00EB3CE2 /* RTFViewController.m */ = {isa = PBXFileReference; lastKnownFileType = sourcecode.c.objc; path = RTFViewController.m; sourceTree = "<group>"; };
		B1D60282193337CE00EB3CE2 /* Images.xcassets */ = {isa = PBXFileReference; lastKnownFileType = folder.assetcatalog; path = Images.xcassets; sourceTree = "<group>"; };
		B1D60288193337CE00EB3CE2 /* Drawing a HouseTests.xctest */ = {isa = PBXFileReference; explicitFileType = wrapper.cfbundle; includeInIndex = 0; path = "Drawing a HouseTests.xctest"; sourceTree = BUILT_PRODUCTS_DIR; };
		B1D60289193337CE00EB3CE2 /* XCTest.framework */ = {isa = PBXFileReference; lastKnownFileType = wrapper.framework; name = XCTest.framework; path = Library/Frameworks/XCTest.framework; sourceTree = DEVELOPER_DIR; };
		B1D60291193337CE00EB3CE2 /* Drawing a HouseTests-Info.plist */ = {isa = PBXFileReference; lastKnownFileType = text.plist.xml; path = "Drawing a HouseTests-Info.plist"; sourceTree = "<group>"; };
		B1D60293193337CE00EB3CE2 /* en */ = {isa = PBXFileReference; lastKnownFileType = text.plist.strings; name = en; path = en.lproj/InfoPlist.strings; sourceTree = "<group>"; };
		B1D60295193337CE00EB3CE2 /* Drawing_a_HouseTests.m */ = {isa = PBXFileReference; lastKnownFileType = sourcecode.c.objc; path = Drawing_a_HouseTests.m; sourceTree = "<group>"; };
/* End PBXFileReference section */

/* Begin PBXFrameworksBuildPhase section */
		B1D60264193337CE00EB3CE2 /* Frameworks */ = {
			isa = PBXFrameworksBuildPhase;
			buildActionMask = 2147483647;
			files = (
				B1D6026D193337CE00EB3CE2 /* CoreGraphics.framework in Frameworks */,
				B1D6026F193337CE00EB3CE2 /* UIKit.framework in Frameworks */,
				B1D6026B193337CE00EB3CE2 /* Foundation.framework in Frameworks */,
			);
			runOnlyForDeploymentPostprocessing = 0;
		};
		B1D60285193337CE00EB3CE2 /* Frameworks */ = {
			isa = PBXFrameworksBuildPhase;
			buildActionMask = 2147483647;
			files = (
				B1D6028A193337CE00EB3CE2 /* XCTest.framework in Frameworks */,
				B1D6028C193337CE00EB3CE2 /* UIKit.framework in Frameworks */,
				B1D6028B193337CE00EB3CE2 /* Foundation.framework in Frameworks */,
			);
			runOnlyForDeploymentPostprocessing = 0;
		};
/* End PBXFrameworksBuildPhase section */

/* Begin PBXGroup section */
		B1D6025E193337CE00EB3CE2 = {
			isa = PBXGroup;
			children = (
				B1D60270193337CE00EB3CE2 /* Drawing a House */,
				B1D6028F193337CE00EB3CE2 /* Drawing a HouseTests */,
				B1D60269193337CE00EB3CE2 /* Frameworks */,
				B1D60268193337CE00EB3CE2 /* Products */,
			);
			sourceTree = "<group>";
		};
		B1D60268193337CE00EB3CE2 /* Products */ = {
			isa = PBXGroup;
			children = (
				B1D60267193337CE00EB3CE2 /* Drawing a House.app */,
				B1D60288193337CE00EB3CE2 /* Drawing a HouseTests.xctest */,
			);
			name = Products;
			sourceTree = "<group>";
		};
		B1D60269193337CE00EB3CE2 /* Frameworks */ = {
			isa = PBXGroup;
			children = (
				B1D6026A193337CE00EB3CE2 /* Foundation.framework */,
				B1D6026C193337CE00EB3CE2 /* CoreGraphics.framework */,
				B1D6026E193337CE00EB3CE2 /* UIKit.framework */,
				B1D60289193337CE00EB3CE2 /* XCTest.framework */,
			);
			name = Frameworks;
			sourceTree = "<group>";
		};
		B1D60270193337CE00EB3CE2 /* Drawing a House */ = {
			isa = PBXGroup;
			children = (
				B1D60279193337CE00EB3CE2 /* RTFAppDelegate.h */,
				B1D6027A193337CE00EB3CE2 /* RTFAppDelegate.m */,
				B1D6027C193337CE00EB3CE2 /* Main.storyboard */,
				B1D6027F193337CE00EB3CE2 /* RTFViewController.h */,
				B1D60280193337CE00EB3CE2 /* RTFViewController.m */,
				B1D60282193337CE00EB3CE2 /* Images.xcassets */,
				B1D60271193337CE00EB3CE2 /* Supporting Files */,
			);
			path = "Drawing a House";
			sourceTree = "<group>";
		};
		B1D60271193337CE00EB3CE2 /* Supporting Files */ = {
			isa = PBXGroup;
			children = (
				B1D60272193337CE00EB3CE2 /* Drawing a House-Info.plist */,
				B1D60273193337CE00EB3CE2 /* InfoPlist.strings */,
				B1D60276193337CE00EB3CE2 /* main.m */,
				B1D60278193337CE00EB3CE2 /* Drawing a House-Prefix.pch */,
			);
			name = "Supporting Files";
			sourceTree = "<group>";
		};
		B1D6028F193337CE00EB3CE2 /* Drawing a HouseTests */ = {
			isa = PBXGroup;
			children = (
				B1D60295193337CE00EB3CE2 /* Drawing_a_HouseTests.m */,
				B1D60290193337CE00EB3CE2 /* Supporting Files */,
			);
			path = "Drawing a HouseTests";
			sourceTree = "<group>";
		};
		B1D60290193337CE00EB3CE2 /* Supporting Files */ = {
			isa = PBXGroup;
			children = (
				B1D60291193337CE00EB3CE2 /* Drawing a HouseTests-Info.plist */,
				B1D60292193337CE00EB3CE2 /* InfoPlist.strings */,
			);
			name = "Supporting Files";
			sourceTree = "<group>";
		};
/* End PBXGroup section */

/* Begin PBXNativeTarget section */
		B1D60266193337CE00EB3CE2 /* Drawing a House */ = {
			isa = PBXNativeTarget;
			buildConfigurationList = B1D60299193337CE00EB3CE2 /* Build configuration list for PBXNativeTarget "Drawing a House" */;
			buildPhases = (
				B1D60263193337CE00EB3CE2 /* Sources */,
				B1D60264193337CE00EB3CE2 /* Frameworks */,
				B1D60265193337CE00EB3CE2 /* Resources */,
			);
			buildRules = (
			);
			dependencies = (
			);
			name = "Drawing a House";
			productName = "Drawing a House";
			productReference = B1D60267193337CE00EB3CE2 /* Drawing a House.app */;
			productType = "com.apple.product-type.application";
		};
		B1D60287193337CE00EB3CE2 /* Drawing a HouseTests */ = {
			isa = PBXNativeTarget;
			buildConfigurationList = B1D6029C193337CE00EB3CE2 /* Build configuration list for PBXNativeTarget "Drawing a HouseTests" */;
			buildPhases = (
				B1D60284193337CE00EB3CE2 /* Sources */,
				B1D60285193337CE00EB3CE2 /* Frameworks */,
				B1D60286193337CE00EB3CE2 /* Resources */,
			);
			buildRules = (
			);
			dependencies = (
				B1D6028E193337CE00EB3CE2 /* PBXTargetDependency */,
			);
			name = "Drawing a HouseTests";
			productName = "Drawing a HouseTests";
			productReference = B1D60288193337CE00EB3CE2 /* Drawing a HouseTests.xctest */;
			productType = "com.apple.product-type.bundle.unit-test";
		};
/* End PBXNativeTarget section */

/* Begin PBXProject section */
		B1D6025F193337CE00EB3CE2 /* Project object */ = {
			isa = PBXProject;
			attributes = {
				CLASSPREFIX = RTF;
				LastUpgradeCheck = 0510;
				ORGANIZATIONNAME = "Robert Finch";
				TargetAttributes = {
					B1D60287193337CE00EB3CE2 = {
						TestTargetID = B1D60266193337CE00EB3CE2;
					};
				};
			};
			buildConfigurationList = B1D60262193337CE00EB3CE2 /* Build configuration list for PBXProject "Drawing a House" */;
			compatibilityVersion = "Xcode 3.2";
			developmentRegion = English;
			hasScannedForEncodings = 0;
			knownRegions = (
				en,
				Base,
			);
			mainGroup = B1D6025E193337CE00EB3CE2;
			productRefGroup = B1D60268193337CE00EB3CE2 /* Products */;
			projectDirPath = "";
			projectRoot = "";
			targets = (
				B1D60266193337CE00EB3CE2 /* Drawing a House */,
				B1D60287193337CE00EB3CE2 /* Drawing a HouseTests */,
			);
		};
/* End PBXProject section */

/* Begin PBXResourcesBuildPhase section */
		B1D60265193337CE00EB3CE2 /* Resources */ = {
			isa = PBXResourcesBuildPhase;
			buildActionMask = 2147483647;
			files = (
				B1D60283193337CE00EB3CE2 /* Images.xcassets in Resources */,
				B1D60275193337CE00EB3CE2 /* InfoPlist.strings in Resources */,
				B1D6027E193337CE00EB3CE2 /* Main.storyboard in Resources */,
			);
			runOnlyForDeploymentPostprocessing = 0;
		};
		B1D60286193337CE00EB3CE2 /* Resources */ = {
			isa = PBXResourcesBuildPhase;
			buildActionMask = 2147483647;
			files = (
				B1D60294193337CE00EB3CE2 /* InfoPlist.strings in Resources */,
			);
			runOnlyForDeploymentPostprocessing = 0;
		};
/* End PBXResourcesBuildPhase section */

/* Begin PBXSourcesBuildPhase section */
		B1D60263193337CE00EB3CE2 /* Sources */ = {
			isa = PBXSourcesBuildPhase;
			buildActionMask = 2147483647;
			files = (
				B1D60277193337CE00EB3CE2 /* main.m in Sources */,
				B1D6027B193337CE00EB3CE2 /* RTFAppDelegate.m in Sources */,
				B1D60281193337CE00EB3CE2 /* RTFViewController.m in Sources */,
			);
			runOnlyForDeploymentPostprocessing = 0;
		};
		B1D60284193337CE00EB3CE2 /* Sources */ = {
			isa = PBXSourcesBuildPhase;
			buildActionMask = 2147483647;
			files = (
				B1D60296193337CE00EB3CE2 /* Drawing_a_HouseTests.m in Sources */,
			);
			runOnlyForDeploymentPostprocessing = 0;
		};
/* End PBXSourcesBuildPhase section */

/* Begin PBXTargetDependency section */
		B1D6028E193337CE00EB3CE2 /* PBXTargetDependency */ = {
			isa = PBXTargetDependency;
			target = B1D60266193337CE00EB3CE2 /* Drawing a House */;
			targetProxy = B1D6028D193337CE00EB3CE2 /* PBXContainerItemProxy */;
		};
/* End PBXTargetDependency section */

/* Begin PBXVariantGroup section */
		B1D60273193337CE00EB3CE2 /* InfoPlist.strings */ = {
			isa = PBXVariantGroup;
			children = (
				B1D60274193337CE00EB3CE2 /* en */,
			);
			name = InfoPlist.strings;
			sourceTree = "<group>";
		};
		B1D6027C193337CE00EB3CE2 /* Main.storyboard */ = {
			isa = PBXVariantGroup;
			children = (
				B1D6027D193337CE00EB3CE2 /* Base */,
			);
			name = Main.storyboard;
			sourceTree = "<group>";
		};
		B1D60292193337CE00EB3CE2 /* InfoPlist.strings */ = {
			isa = PBXVariantGroup;
			children = (
				B1D60293193337CE00EB3CE2 /* en */,
			);
			name = InfoPlist.strings;
			sourceTree = "<group>";
		};
/* End PBXVariantGroup section */

/* Begin XCBuildConfiguration section */
		B1D60297193337CE00EB3CE2 /* Debug */ = {
			isa = XCBuildConfiguration;
			buildSettings = {
				ALWAYS_SEARCH_USER_PATHS = NO;
				CLANG_CXX_LANGUAGE_STANDARD = "gnu++0x";
				CLANG_CXX_LIBRARY = "libc++";
				CLANG_ENABLE_MODULES = YES;
				CLANG_ENABLE_OBJC_ARC = YES;
				CLANG_WARN_BOOL_CONVERSION = YES;
				CLANG_WARN_CONSTANT_CONVERSION = YES;
				CLANG_WARN_DIRECT_OBJC_ISA_USAGE = YES_ERROR;
				CLANG_WARN_EMPTY_BODY = YES;
				CLANG_WARN_ENUM_CONVERSION = YES;
				CLANG_WARN_INT_CONVERSION = YES;
				CLANG_WARN_OBJC_ROOT_CLASS = YES_ERROR;
				CLANG_WARN__DUPLICATE_METHOD_MATCH = YES;
				"CODE_SIGN_IDENTITY[sdk=iphoneos*]" = "iPhone Developer";
				COPY_PHASE_STRIP = NO;
				GCC_C_LANGUAGE_STANDARD = gnu99;
				GCC_DYNAMIC_NO_PIC = NO;
				GCC_OPTIMIZATION_LEVEL = 0;
				GCC_PREPROCESSOR_DEFINITIONS = (
					"DEBUG=1",
					"$(inherited)",
				);
				GCC_SYMBOLS_PRIVATE_EXTERN = NO;
				GCC_WARN_64_TO_32_BIT_CONVERSION = YES;
				GCC_WARN_ABOUT_RETURN_TYPE = YES_ERROR;
				GCC_WARN_UNDECLARED_SELECTOR = YES;
				GCC_WARN_UNINITIALIZED_AUTOS = YES_AGGRESSIVE;
				GCC_WARN_UNUSED_FUNCTION = YES;
				GCC_WARN_UNUSED_VARIABLE = YES;
				IPHONEOS_DEPLOYMENT_TARGET = 7.1;
				ONLY_ACTIVE_ARCH = YES;
				SDKROOT = iphoneos;
			};
			name = Debug;
		};
		B1D60298193337CE00EB3CE2 /* Release */ = {
			isa = XCBuildConfiguration;
			buildSettings = {
				ALWAYS_SEARCH_USER_PATHS = NO;
				CLANG_CXX_LANGUAGE_STANDARD = "gnu++0x";
				CLANG_CXX_LIBRARY = "libc++";
				CLANG_ENABLE_MODULES = YES;
				CLANG_ENABLE_OBJC_ARC = YES;
				CLANG_WARN_BOOL_CONVERSION = YES;
				CLANG_WARN_CONSTANT_CONVERSION = YES;
				CLANG_WARN_DIRECT_OBJC_ISA_USAGE = YES_ERROR;
				CLANG_WARN_EMPTY_BODY = YES;
				CLANG_WARN_ENUM_CONVERSION = YES;
				CLANG_WARN_INT_CONVERSION = YES;
				CLANG_WARN_OBJC_ROOT_CLASS = YES_ERROR;
				CLANG_WARN__DUPLICATE_METHOD_MATCH = YES;
				"CODE_SIGN_IDENTITY[sdk=iphoneos*]" = "iPhone Developer";
				COPY_PHASE_STRIP = YES;
				ENABLE_NS_ASSERTIONS = NO;
				GCC_C_LANGUAGE_STANDARD = gnu99;
				GCC_WARN_64_TO_32_BIT_CONVERSION = YES;
				GCC_WARN_ABOUT_RETURN_TYPE = YES_ERROR;
				GCC_WARN_UNDECLARED_SELECTOR = YES;
				GCC_WARN_UNINITIALIZED_AUTOS = YES_AGGRESSIVE;
				GCC_WARN_UNUSED_FUNCTION = YES;
				GCC_WARN_UNUSED_VARIABLE = YES;
				IPHONEOS_DEPLOYMENT_TARGET = 7.1;
				SDKROOT = iphoneos;
				VALIDATE_PRODUCT = YES;
			};
			name = Release;
		};
		B1D6029A193337CE00EB3CE2 /* Debug */ = {
			isa = XCBuildConfiguration;
			buildSettings = {
				ASSETCATALOG_COMPILER_APPICON_NAME = AppIcon;
				ASSETCATALOG_COMPILER_LAUNCHIMAGE_NAME = LaunchImage;
				GCC_PRECOMPILE_PREFIX_HEADER = YES;
				GCC_PREFIX_HEADER = "Drawing a House/Drawing a House-Prefix.pch";
				INFOPLIST_FILE = "Drawing a House/Drawing a House-Info.plist";
				PRODUCT_NAME = "$(TARGET_NAME)";
				WRAPPER_EXTENSION = app;
			};
			name = Debug;
		};
		B1D6029B193337CE00EB3CE2 /* Release */ = {
			isa = XCBuildConfiguration;
			buildSettings = {
				ASSETCATALOG_COMPILER_APPICON_NAME = AppIcon;
				ASSETCATALOG_COMPILER_LAUNCHIMAGE_NAME = LaunchImage;
				GCC_PRECOMPILE_PREFIX_HEADER = YES;
				GCC_PREFIX_HEADER = "Drawing a House/Drawing a House-Prefix.pch";
				INFOPLIST_FILE = "Drawing a House/Drawing a House-Info.plist";
				PRODUCT_NAME = "$(TARGET_NAME)";
				WRAPPER_EXTENSION = app;
			};
			name = Release;
		};
		B1D6029D193337CE00EB3CE2 /* Debug */ = {
			isa = XCBuildConfiguration;
			buildSettings = {
				BUNDLE_LOADER = "$(BUILT_PRODUCTS_DIR)/Drawing a House.app/Drawing a House";
				FRAMEWORK_SEARCH_PATHS = (
					"$(SDKROOT)/Developer/Library/Frameworks",
					"$(inherited)",
					"$(DEVELOPER_FRAMEWORKS_DIR)",
				);
				GCC_PRECOMPILE_PREFIX_HEADER = YES;
				GCC_PREFIX_HEADER = "Drawing a House/Drawing a House-Prefix.pch";
				GCC_PREPROCESSOR_DEFINITIONS = (
					"DEBUG=1",
					"$(inherited)",
				);
				INFOPLIST_FILE = "Drawing a HouseTests/Drawing a HouseTests-Info.plist";
				PRODUCT_NAME = "$(TARGET_NAME)";
				TEST_HOST = "$(BUNDLE_LOADER)";
				WRAPPER_EXTENSION = xctest;
			};
			name = Debug;
		};
		B1D6029E193337CE00EB3CE2 /* Release */ = {
			isa = XCBuildConfiguration;
			buildSettings = {
				BUNDLE_LOADER = "$(BUILT_PRODUCTS_DIR)/Drawing a House.app/Drawing a House";
				FRAMEWORK_SEARCH_PATHS = (
					"$(SDKROOT)/Developer/Library/Frameworks",
					"$(inherited)",
					"$(DEVELOPER_FRAMEWORKS_DIR)",
				);
				GCC_PRECOMPILE_PREFIX_HEADER = YES;
				GCC_PREFIX_HEADER = "Drawing a House/Drawing a House-Prefix.pch";
				INFOPLIST_FILE = "Drawing a HouseTests/Drawing a HouseTests-Info.plist";
				PRODUCT_NAME = "$(TARGET_NAME)";
				TEST_HOST = "$(BUNDLE_LOADER)";
				WRAPPER_EXTENSION = xctest;
			};
			name = Release;
		};
/* End XCBuildConfiguration section */

/* Begin XCConfigurationList section */
		B1D60262193337CE00EB3CE2 /* Build configuration list for PBXProject "Drawing a House" */ = {
			isa = XCConfigurationList;
			buildConfigurations = (
				B1D60297193337CE00EB3CE2 /* Debug */,
				B1D60298193337CE00EB3CE2 /* Release */,
			);
			defaultConfigurationIsVisible = 0;
			defaultConfigurationName = Release;
		};
		B1D60299193337CE00EB3CE2 /* Build configuration list for PBXNativeTarget "Drawing a House" */ = {
			isa = XCConfigurationList;
			buildConfigurations = (
				B1D6029A193337CE00EB3CE2 /* Debug */,
				B1D6029B193337CE00EB3CE2 /* Release */,
			);
			defaultConfigurationIsVisible = 0;
		};
		B1D6029C193337CE00EB3CE2 /* Build configuration list for PBXNativeTarget "Drawing a HouseTests" */ = {
			isa = XCConfigurationList;
			buildConfigurations = (
				B1D6029D193337CE00EB3CE2 /* Debug */,
				B1D6029E193337CE00EB3CE2 /* Release */,
			);
			defaultConfigurationIsVisible = 0;
		};
/* End XCConfigurationList section */
	};
	rootObject = B1D6025F193337CE00EB3CE2 /* Project object */;
}
